
Microsoft Visual Studio Solution File, Format Version 12.00
# Visual Studio 14
VisualStudioVersion = 14.0.24720.0
MinimumVisualStudioVersion = 10.0.40219.1
Project("{A0786B88-2ADB-4C21-ABE8-AA2D79766269}") = "XIWeb", "XIWeb.phpproj", "{297E9A92-CE29-47E1-9FEA-458A63C95B10}"
EndProject
Global
	GlobalSection(SolutionConfigurationPlatforms) = preSolution
		Debug|Any CPU = Debug|Any CPU
		Release|Any CPU = Release|Any CPU
	EndGlobalSection
	GlobalSection(ProjectConfigurationPlatforms) = postSolution
		{297E9A92-CE29-47E1-9FEA-458A63C95B10}.Debug|Any CPU.ActiveCfg = Debug|Any CPU
		{297E9A92-CE29-47E1-9FEA-458A63C95B10}.Debug|Any CPU.Build.0 = Debug|Any CPU
		{297E9A92-CE29-47E1-9FEA-458A63C95B10}.Release|Any CPU.ActiveCfg = Release|Any CPU
		{297E9A92-CE29-47E1-9FEA-458A63C95B10}.Release|Any CPU.Build.0 = Release|Any CPU
	EndGlobalSection
	GlobalSection(SolutionProperties) = preSolution
		HideSolutionNode = FALSE
	EndGlobalSection
EndGlobal
